// !$*UTF8*$!
{
	archiveVersion = 1;
	classes = {
	};
	objectVersion = 51;
	objects = {

/* Begin PBXBuildFile section */
		3E8DAC5725A45FA700ECF2FE /* AppDelegate.swift in Sources */ = {isa = PBXBuildFile; fileRef = 3E8DAC5625A45FA700ECF2FE /* AppDelegate.swift */; };
		3E8DAC5925A45FA700ECF2FE /* SceneDelegate.swift in Sources */ = {isa = PBXBuildFile; fileRef = 3E8DAC5825A45FA700ECF2FE /* SceneDelegate.swift */; };
		3E8DAC5B25A45FA700ECF2FE /* LibraryViewController.swift in Sources */ = {isa = PBXBuildFile; fileRef = 3E8DAC5A25A45FA700ECF2FE /* LibraryViewController.swift */; };
		3E8DAC5E25A45FA700ECF2FE /* Main.storyboard in Resources */ = {isa = PBXBuildFile; fileRef = 3E8DAC5C25A45FA700ECF2FE /* Main.storyboard */; };
		3E8DAC6025A45FA900ECF2FE /* Assets.xcassets in Resources */ = {isa = PBXBuildFile; fileRef = 3E8DAC5F25A45FA900ECF2FE /* Assets.xcassets */; };
		3E8DAC6325A45FA900ECF2FE /* LaunchScreen.storyboard in Resources */ = {isa = PBXBuildFile; fileRef = 3E8DAC6125A45FA900ECF2FE /* LaunchScreen.storyboard */; };
		3E8DAC7025A4603100ECF2FE /* TabBarViewController.swift in Sources */ = {isa = PBXBuildFile; fileRef = 3E8DAC6F25A4603100ECF2FE /* TabBarViewController.swift */; };
		3E8DAC7C25A4A8D300ECF2FE /* Network.swift in Sources */ = {isa = PBXBuildFile; fileRef = 3E8DAC7B25A4A8D300ECF2FE /* Network.swift */; };
		3EA67F6D25A70A9C00B9AC34 /* TrackView.xib in Resources */ = {isa = PBXBuildFile; fileRef = 3EA67F6C25A70A9C00B9AC34 /* TrackView.xib */; };
		3EA67F7025A70AAE00B9AC34 /* TrackView.swift in Sources */ = {isa = PBXBuildFile; fileRef = 3EA67F6F25A70AAE00B9AC34 /* TrackView.swift */; };
		3EA67F7825A70B8900B9AC34 /* SearchFooterView.swift in Sources */ = {isa = PBXBuildFile; fileRef = 3EA67F7725A70B8900B9AC34 /* SearchFooterView.swift */; };
		3EF9B7A925A5AE7600FC9426 /* SearchPresenter.swift in Sources */ = {isa = PBXBuildFile; fileRef = 3EF9B7A325A5AE7600FC9426 /* SearchPresenter.swift */; };
		3EF9B7AA25A5AE7600FC9426 /* SearchWorker.swift in Sources */ = {isa = PBXBuildFile; fileRef = 3EF9B7A425A5AE7600FC9426 /* SearchWorker.swift */; };
		3EF9B7AB25A5AE7600FC9426 /* SearchRouter.swift in Sources */ = {isa = PBXBuildFile; fileRef = 3EF9B7A525A5AE7600FC9426 /* SearchRouter.swift */; };
		3EF9B7AC25A5AE7600FC9426 /* SearchModels.swift in Sources */ = {isa = PBXBuildFile; fileRef = 3EF9B7A625A5AE7600FC9426 /* SearchModels.swift */; };
		3EF9B7AD25A5AE7600FC9426 /* SearchViewController.swift in Sources */ = {isa = PBXBuildFile; fileRef = 3EF9B7A725A5AE7600FC9426 /* SearchViewController.swift */; };
		3EF9B7AE25A5AE7600FC9426 /* SearchInteractor.swift in Sources */ = {isa = PBXBuildFile; fileRef = 3EF9B7A825A5AE7600FC9426 /* SearchInteractor.swift */; };
		3EF9B7B725A5D1B000FC9426 /* UIViewControllerExtension.swift in Sources */ = {isa = PBXBuildFile; fileRef = 3EF9B7B625A5D1B000FC9426 /* UIViewControllerExtension.swift */; };
		3EF9B7BE25A5DD1800FC9426 /* SearchViewController.storyboard in Resources */ = {isa = PBXBuildFile; fileRef = 3EF9B7BD25A5DD1800FC9426 /* SearchViewController.storyboard */; };
		3EF9B7D125A5F58500FC9426 /* TableViewCell.xib in Resources */ = {isa = PBXBuildFile; fileRef = 3EF9B7D025A5F58500FC9426 /* TableViewCell.xib */; };
		3EF9B7D425A5F5AC00FC9426 /* TableViewCell.swift in Sources */ = {isa = PBXBuildFile; fileRef = 3EF9B7D325A5F5AC00FC9426 /* TableViewCell.swift */; };
		3EFC7C7F25A8656500AA1427 /* UIViewExtension.swift in Sources */ = {isa = PBXBuildFile; fileRef = 3EFC7C7E25A8656500AA1427 /* UIViewExtension.swift */; };
		3EFC7C8225A880CB00AA1427 /* CMTimeExtension.swift in Sources */ = {isa = PBXBuildFile; fileRef = 3EFC7C8125A880CB00AA1427 /* CMTimeExtension.swift */; };
		4788ED051CA3634D86A904B9 /* Pods_MusicApp.framework in Frameworks */ = {isa = PBXBuildFile; fileRef = 10D447680CA188F227B6EEF9 /* Pods_MusicApp.framework */; };
/* End PBXBuildFile section */

/* Begin PBXFileReference section */
		10D447680CA188F227B6EEF9 /* Pods_MusicApp.framework */ = {isa = PBXFileReference; explicitFileType = wrapper.framework; includeInIndex = 0; path = Pods_MusicApp.framework; sourceTree = BUILT_PRODUCTS_DIR; };
		3E8DAC5325A45FA700ECF2FE /* MusicApp.app */ = {isa = PBXFileReference; explicitFileType = wrapper.application; includeInIndex = 0; path = MusicApp.app; sourceTree = BUILT_PRODUCTS_DIR; };
		3E8DAC5625A45FA700ECF2FE /* AppDelegate.swift */ = {isa = PBXFileReference; lastKnownFileType = sourcecode.swift; path = AppDelegate.swift; sourceTree = "<group>"; };
		3E8DAC5825A45FA700ECF2FE /* SceneDelegate.swift */ = {isa = PBXFileReference; lastKnownFileType = sourcecode.swift; path = SceneDelegate.swift; sourceTree = "<group>"; };
		3E8DAC5A25A45FA700ECF2FE /* LibraryViewController.swift */ = {isa = PBXFileReference; lastKnownFileType = sourcecode.swift; path = LibraryViewController.swift; sourceTree = "<group>"; };
		3E8DAC5D25A45FA700ECF2FE /* Base */ = {isa = PBXFileReference; lastKnownFileType = file.storyboard; name = Base; path = Base.lproj/Main.storyboard; sourceTree = "<group>"; };
		3E8DAC5F25A45FA900ECF2FE /* Assets.xcassets */ = {isa = PBXFileReference; lastKnownFileType = folder.assetcatalog; path = Assets.xcassets; sourceTree = "<group>"; };
		3E8DAC6225A45FA900ECF2FE /* Base */ = {isa = PBXFileReference; lastKnownFileType = file.storyboard; name = Base; path = Base.lproj/LaunchScreen.storyboard; sourceTree = "<group>"; };
		3E8DAC6425A45FA900ECF2FE /* Info.plist */ = {isa = PBXFileReference; lastKnownFileType = text.plist.xml; path = Info.plist; sourceTree = "<group>"; };
		3E8DAC6F25A4603100ECF2FE /* TabBarViewController.swift */ = {isa = PBXFileReference; lastKnownFileType = sourcecode.swift; path = TabBarViewController.swift; sourceTree = "<group>"; };
		3E8DAC7B25A4A8D300ECF2FE /* Network.swift */ = {isa = PBXFileReference; lastKnownFileType = sourcecode.swift; path = Network.swift; sourceTree = "<group>"; };
		3EA67F6C25A70A9C00B9AC34 /* TrackView.xib */ = {isa = PBXFileReference; lastKnownFileType = file.xib; path = TrackView.xib; sourceTree = "<group>"; };
		3EA67F6F25A70AAE00B9AC34 /* TrackView.swift */ = {isa = PBXFileReference; lastKnownFileType = sourcecode.swift; path = TrackView.swift; sourceTree = "<group>"; };
		3EA67F7725A70B8900B9AC34 /* SearchFooterView.swift */ = {isa = PBXFileReference; lastKnownFileType = sourcecode.swift; path = SearchFooterView.swift; sourceTree = "<group>"; };
		3EF9B7A325A5AE7600FC9426 /* SearchPresenter.swift */ = {isa = PBXFileReference; lastKnownFileType = sourcecode.swift; path = SearchPresenter.swift; sourceTree = "<group>"; };
		3EF9B7A425A5AE7600FC9426 /* SearchWorker.swift */ = {isa = PBXFileReference; lastKnownFileType = sourcecode.swift; path = SearchWorker.swift; sourceTree = "<group>"; };
		3EF9B7A525A5AE7600FC9426 /* SearchRouter.swift */ = {isa = PBXFileReference; lastKnownFileType = sourcecode.swift; path = SearchRouter.swift; sourceTree = "<group>"; };
		3EF9B7A625A5AE7600FC9426 /* SearchModels.swift */ = {isa = PBXFileReference; lastKnownFileType = sourcecode.swift; path = SearchModels.swift; sourceTree = "<group>"; };
		3EF9B7A725A5AE7600FC9426 /* SearchViewController.swift */ = {isa = PBXFileReference; lastKnownFileType = sourcecode.swift; path = SearchViewController.swift; sourceTree = "<group>"; };
		3EF9B7A825A5AE7600FC9426 /* SearchInteractor.swift */ = {isa = PBXFileReference; lastKnownFileType = sourcecode.swift; path = SearchInteractor.swift; sourceTree = "<group>"; };
		3EF9B7B625A5D1B000FC9426 /* UIViewControllerExtension.swift */ = {isa = PBXFileReference; lastKnownFileType = sourcecode.swift; path = UIViewControllerExtension.swift; sourceTree = "<group>"; };
		3EF9B7BD25A5DD1800FC9426 /* SearchViewController.storyboard */ = {isa = PBXFileReference; lastKnownFileType = file.storyboard; path = SearchViewController.storyboard; sourceTree = "<group>"; };
		3EF9B7D025A5F58500FC9426 /* TableViewCell.xib */ = {isa = PBXFileReference; lastKnownFileType = file.xib; path = TableViewCell.xib; sourceTree = "<group>"; };
		3EF9B7D325A5F5AC00FC9426 /* TableViewCell.swift */ = {isa = PBXFileReference; lastKnownFileType = sourcecode.swift; path = TableViewCell.swift; sourceTree = "<group>"; };
		3EFC7C7E25A8656500AA1427 /* UIViewExtension.swift */ = {isa = PBXFileReference; lastKnownFileType = sourcecode.swift; path = UIViewExtension.swift; sourceTree = "<group>"; };
		3EFC7C8125A880CB00AA1427 /* CMTimeExtension.swift */ = {isa = PBXFileReference; lastKnownFileType = sourcecode.swift; path = CMTimeExtension.swift; sourceTree = "<group>"; };
		C568B3FE28D91DD6898FB9E9 /* Pods-MusicApp.release.xcconfig */ = {isa = PBXFileReference; includeInIndex = 1; lastKnownFileType = text.xcconfig; name = "Pods-MusicApp.release.xcconfig"; path = "Target Support Files/Pods-MusicApp/Pods-MusicApp.release.xcconfig"; sourceTree = "<group>"; };
		F22A849C2A935582F8E46091 /* Pods-MusicApp.debug.xcconfig */ = {isa = PBXFileReference; includeInIndex = 1; lastKnownFileType = text.xcconfig; name = "Pods-MusicApp.debug.xcconfig"; path = "Target Support Files/Pods-MusicApp/Pods-MusicApp.debug.xcconfig"; sourceTree = "<group>"; };
/* End PBXFileReference section */

/* Begin PBXFrameworksBuildPhase section */
		3E8DAC5025A45FA700ECF2FE /* Frameworks */ = {
			isa = PBXFrameworksBuildPhase;
			buildActionMask = 2147483647;
			files = (
				4788ED051CA3634D86A904B9 /* Pods_MusicApp.framework in Frameworks */,
			);
			runOnlyForDeploymentPostprocessing = 0;
		};
/* End PBXFrameworksBuildPhase section */

/* Begin PBXGroup section */
		0EFB79C13C128CA53DE3F6B3 /* Pods */ = {
			isa = PBXGroup;
			children = (
				F22A849C2A935582F8E46091 /* Pods-MusicApp.debug.xcconfig */,
				C568B3FE28D91DD6898FB9E9 /* Pods-MusicApp.release.xcconfig */,
			);
			path = Pods;
			sourceTree = "<group>";
		};
		3E8DAC4A25A45FA700ECF2FE = {
			isa = PBXGroup;
			children = (
				3E8DAC5525A45FA700ECF2FE /* MusicApp */,
				3E8DAC5425A45FA700ECF2FE /* Products */,
				0EFB79C13C128CA53DE3F6B3 /* Pods */,
				C78D3413D9FF36BBD2E23E52 /* Frameworks */,
			);
			sourceTree = "<group>";
		};
		3E8DAC5425A45FA700ECF2FE /* Products */ = {
			isa = PBXGroup;
			children = (
				3E8DAC5325A45FA700ECF2FE /* MusicApp.app */,
			);
			name = Products;
			sourceTree = "<group>";
		};
		3E8DAC5525A45FA700ECF2FE /* MusicApp */ = {
			isa = PBXGroup;
			children = (
				3EF9B7A225A5AE3F00FC9426 /* Search */,
				3E8DAC5A25A45FA700ECF2FE /* LibraryViewController.swift */,
				3E8DAC6F25A4603100ECF2FE /* TabBarViewController.swift */,
				3EF9B7C725A5E1B200FC9426 /* Services */,
				3EF9B7B525A5D17000FC9426 /* Helpers */,
				3EF9B7C525A5E12D00FC9426 /* IBuilder */,
				3EF9B7C225A5E0BF00FC9426 /* Support Files */,
			);
			path = MusicApp;
			sourceTree = "<group>";
		};
		3EA67F5C25A709E300B9AC34 /* TrackView */ = {
			isa = PBXGroup;
			children = (
				3EA67F6C25A70A9C00B9AC34 /* TrackView.xib */,
				3EA67F6F25A70AAE00B9AC34 /* TrackView.swift */,
			);
			path = TrackView;
			sourceTree = "<group>";
		};
		3EA67F7225A70B2400B9AC34 /* SearchFooterView */ = {
			isa = PBXGroup;
			children = (
				3EA67F7725A70B8900B9AC34 /* SearchFooterView.swift */,
			);
			path = SearchFooterView;
			sourceTree = "<group>";
		};
		3EF9B7A225A5AE3F00FC9426 /* Search */ = {
			isa = PBXGroup;
			children = (
				3EA67F7225A70B2400B9AC34 /* SearchFooterView */,
				3EA67F5C25A709E300B9AC34 /* TrackView */,
				3EF9B7CB25A5F43400FC9426 /* Cell */,
				3EF9B7BD25A5DD1800FC9426 /* SearchViewController.storyboard */,
				3EF9B7A725A5AE7600FC9426 /* SearchViewController.swift */,
				3EF9B7A825A5AE7600FC9426 /* SearchInteractor.swift */,
				3EF9B7A325A5AE7600FC9426 /* SearchPresenter.swift */,
				3EF9B7A625A5AE7600FC9426 /* SearchModels.swift */,
				3EF9B7A425A5AE7600FC9426 /* SearchWorker.swift */,
				3EF9B7A525A5AE7600FC9426 /* SearchRouter.swift */,
			);
			path = Search;
			sourceTree = "<group>";
		};
		3EF9B7B525A5D17000FC9426 /* Helpers */ = {
			isa = PBXGroup;
			children = (
				3EF9B7B625A5D1B000FC9426 /* UIViewControllerExtension.swift */,
				3EFC7C8125A880CB00AA1427 /* CMTimeExtension.swift */,
				3EFC7C7E25A8656500AA1427 /* UIViewExtension.swift */,
			);
			path = Helpers;
			sourceTree = "<group>";
		};
		3EF9B7C225A5E0BF00FC9426 /* Support Files */ = {
			isa = PBXGroup;
			children = (
				3E8DAC5625A45FA700ECF2FE /* AppDelegate.swift */,
				3E8DAC5825A45FA700ECF2FE /* SceneDelegate.swift */,
				3E8DAC6425A45FA900ECF2FE /* Info.plist */,
			);
			path = "Support Files";
			sourceTree = "<group>";
		};
		3EF9B7C525A5E12D00FC9426 /* IBuilder */ = {
			isa = PBXGroup;
			children = (
				3E8DAC5C25A45FA700ECF2FE /* Main.storyboard */,
				3E8DAC5F25A45FA900ECF2FE /* Assets.xcassets */,
				3E8DAC6125A45FA900ECF2FE /* LaunchScreen.storyboard */,
			);
			path = IBuilder;
			sourceTree = "<group>";
		};
		3EF9B7C725A5E1B200FC9426 /* Services */ = {
			isa = PBXGroup;
			children = (
				3E8DAC7B25A4A8D300ECF2FE /* Network.swift */,
			);
			path = Services;
			sourceTree = "<group>";
		};
		3EF9B7CB25A5F43400FC9426 /* Cell */ = {
			isa = PBXGroup;
			children = (
				3EF9B7D025A5F58500FC9426 /* TableViewCell.xib */,
				3EF9B7D325A5F5AC00FC9426 /* TableViewCell.swift */,
			);
			path = Cell;
			sourceTree = "<group>";
		};
		C78D3413D9FF36BBD2E23E52 /* Frameworks */ = {
			isa = PBXGroup;
			children = (
				10D447680CA188F227B6EEF9 /* Pods_MusicApp.framework */,
			);
			name = Frameworks;
			sourceTree = "<group>";
		};
/* End PBXGroup section */

/* Begin PBXNativeTarget section */
		3E8DAC5225A45FA700ECF2FE /* MusicApp */ = {
			isa = PBXNativeTarget;
			buildConfigurationList = 3E8DAC6725A45FA900ECF2FE /* Build configuration list for PBXNativeTarget "MusicApp" */;
			buildPhases = (
				82BE826B2E1FF2847E6489C8 /* [CP] Check Pods Manifest.lock */,
				3E8DAC4F25A45FA700ECF2FE /* Sources */,
				3E8DAC5025A45FA700ECF2FE /* Frameworks */,
				3E8DAC5125A45FA700ECF2FE /* Resources */,
				D7D5CBA005278691654428FC /* [CP] Embed Pods Frameworks */,
			);
			buildRules = (
			);
			dependencies = (
			);
			name = MusicApp;
			productName = MusicApp;
			productReference = 3E8DAC5325A45FA700ECF2FE /* MusicApp.app */;
			productType = "com.apple.product-type.application";
		};
/* End PBXNativeTarget section */

/* Begin PBXProject section */
		3E8DAC4B25A45FA700ECF2FE /* Project object */ = {
			isa = PBXProject;
			attributes = {
				LastSwiftUpdateCheck = 1210;
				LastUpgradeCheck = 1210;
				TargetAttributes = {
					3E8DAC5225A45FA700ECF2FE = {
						CreatedOnToolsVersion = 12.1;
					};
				};
			};
			buildConfigurationList = 3E8DAC4E25A45FA700ECF2FE /* Build configuration list for PBXProject "MusicApp" */;
			compatibilityVersion = "Xcode 9.3";
			developmentRegion = en;
			hasScannedForEncodings = 0;
			knownRegions = (
				en,
				Base,
			);
			mainGroup = 3E8DAC4A25A45FA700ECF2FE;
			productRefGroup = 3E8DAC5425A45FA700ECF2FE /* Products */;
			projectDirPath = "";
			projectRoot = "";
			targets = (
				3E8DAC5225A45FA700ECF2FE /* MusicApp */,
			);
		};
/* End PBXProject section */

/* Begin PBXResourcesBuildPhase section */
		3E8DAC5125A45FA700ECF2FE /* Resources */ = {
			isa = PBXResourcesBuildPhase;
			buildActionMask = 2147483647;
			files = (
				3E8DAC6325A45FA900ECF2FE /* LaunchScreen.storyboard in Resources */,
				3EF9B7D125A5F58500FC9426 /* TableViewCell.xib in Resources */,
				3EA67F6D25A70A9C00B9AC34 /* TrackView.xib in Resources */,
				3E8DAC6025A45FA900ECF2FE /* Assets.xcassets in Resources */,
				3E8DAC5E25A45FA700ECF2FE /* Main.storyboard in Resources */,
				3EF9B7BE25A5DD1800FC9426 /* SearchViewController.storyboard in Resources */,
			);
			runOnlyForDeploymentPostprocessing = 0;
		};
/* End PBXResourcesBuildPhase section */

/* Begin PBXShellScriptBuildPhase section */
		82BE826B2E1FF2847E6489C8 /* [CP] Check Pods Manifest.lock */ = {
			isa = PBXShellScriptBuildPhase;
			buildActionMask = 2147483647;
			files = (
			);
			inputFileListPaths = (
			);
			inputPaths = (
				"${PODS_PODFILE_DIR_PATH}/Podfile.lock",
				"${PODS_ROOT}/Manifest.lock",
			);
			name = "[CP] Check Pods Manifest.lock";
			outputFileListPaths = (
			);
			outputPaths = (
				"$(DERIVED_FILE_DIR)/Pods-MusicApp-checkManifestLockResult.txt",
			);
			runOnlyForDeploymentPostprocessing = 0;
			shellPath = /bin/sh;
			shellScript = "diff \"${PODS_PODFILE_DIR_PATH}/Podfile.lock\" \"${PODS_ROOT}/Manifest.lock\" > /dev/null\nif [ $? != 0 ] ; then\n    # print error to STDERR\n    echo \"error: The sandbox is not in sync with the Podfile.lock. Run 'pod install' or update your CocoaPods installation.\" >&2\n    exit 1\nfi\n# This output is used by Xcode 'outputs' to avoid re-running this script phase.\necho \"SUCCESS\" > \"${SCRIPT_OUTPUT_FILE_0}\"\n";
			showEnvVarsInLog = 0;
		};
		D7D5CBA005278691654428FC /* [CP] Embed Pods Frameworks */ = {
			isa = PBXShellScriptBuildPhase;
			buildActionMask = 2147483647;
			files = (
			);
			inputFileListPaths = (
				"${PODS_ROOT}/Target Support Files/Pods-MusicApp/Pods-MusicApp-frameworks-${CONFIGURATION}-input-files.xcfilelist",
			);
			name = "[CP] Embed Pods Frameworks";
			outputFileListPaths = (
				"${PODS_ROOT}/Target Support Files/Pods-MusicApp/Pods-MusicApp-frameworks-${CONFIGURATION}-output-files.xcfilelist",
			);
			runOnlyForDeploymentPostprocessing = 0;
			shellPath = /bin/sh;
			shellScript = "\"${PODS_ROOT}/Target Support Files/Pods-MusicApp/Pods-MusicApp-frameworks.sh\"\n";
			showEnvVarsInLog = 0;
		};
/* End PBXShellScriptBuildPhase section */

/* Begin PBXSourcesBuildPhase section */
		3E8DAC4F25A45FA700ECF2FE /* Sources */ = {
			isa = PBXSourcesBuildPhase;
			buildActionMask = 2147483647;
			files = (
				3EF9B7D425A5F5AC00FC9426 /* TableViewCell.swift in Sources */,
				3EA67F7825A70B8900B9AC34 /* SearchFooterView.swift in Sources */,
				3EF9B7B725A5D1B000FC9426 /* UIViewControllerExtension.swift in Sources */,
				3EA67F7025A70AAE00B9AC34 /* TrackView.swift in Sources */,
				3E8DAC7025A4603100ECF2FE /* TabBarViewController.swift in Sources */,
				3E8DAC5B25A45FA700ECF2FE /* LibraryViewController.swift in Sources */,
				3EFC7C7F25A8656500AA1427 /* UIViewExtension.swift in Sources */,
				3EF9B7AE25A5AE7600FC9426 /* SearchInteractor.swift in Sources */,
				3E8DAC5725A45FA700ECF2FE /* AppDelegate.swift in Sources */,
				3EF9B7AA25A5AE7600FC9426 /* SearchWorker.swift in Sources */,
				3EF9B7AD25A5AE7600FC9426 /* SearchViewController.swift in Sources */,
				3EF9B7AB25A5AE7600FC9426 /* SearchRouter.swift in Sources */,
				3EF9B7AC25A5AE7600FC9426 /* SearchModels.swift in Sources */,
				3EFC7C8225A880CB00AA1427 /* CMTimeExtension.swift in Sources */,
				3E8DAC7C25A4A8D300ECF2FE /* Network.swift in Sources */,
				3EF9B7A925A5AE7600FC9426 /* SearchPresenter.swift in Sources */,
				3E8DAC5925A45FA700ECF2FE /* SceneDelegate.swift in Sources */,
			);
			runOnlyForDeploymentPostprocessing = 0;
		};
/* End PBXSourcesBuildPhase section */

/* Begin PBXVariantGroup section */
		3E8DAC5C25A45FA700ECF2FE /* Main.storyboard */ = {
			isa = PBXVariantGroup;
			children = (
				3E8DAC5D25A45FA700ECF2FE /* Base */,
			);
			name = Main.storyboard;
			sourceTree = "<group>";
		};
		3E8DAC6125A45FA900ECF2FE /* LaunchScreen.storyboard */ = {
			isa = PBXVariantGroup;
			children = (
				3E8DAC6225A45FA900ECF2FE /* Base */,
			);
			name = LaunchScreen.storyboard;
			sourceTree = "<group>";
		};
/* End PBXVariantGroup section */

/* Begin XCBuildConfiguration section */
		3E8DAC6525A45FA900ECF2FE /* Debug */ = {
			isa = XCBuildConfiguration;
			buildSettings = {
				ALWAYS_SEARCH_USER_PATHS = NO;
				CLANG_ANALYZER_NONNULL = YES;
				CLANG_ANALYZER_NUMBER_OBJECT_CONVERSION = YES_AGGRESSIVE;
				CLANG_CXX_LANGUAGE_STANDARD = "gnu++14";
				CLANG_CXX_LIBRARY = "libc++";
				CLANG_ENABLE_MODULES = YES;
				CLANG_ENABLE_OBJC_ARC = YES;
				CLANG_ENABLE_OBJC_WEAK = YES;
				CLANG_WARN_BLOCK_CAPTURE_AUTORELEASING = YES;
				CLANG_WARN_BOOL_CONVERSION = YES;
				CLANG_WARN_COMMA = YES;
				CLANG_WARN_CONSTANT_CONVERSION = YES;
				CLANG_WARN_DEPRECATED_OBJC_IMPLEMENTATIONS = YES;
				CLANG_WARN_DIRECT_OBJC_ISA_USAGE = YES_ERROR;
				CLANG_WARN_DOCUMENTATION_COMMENTS = YES;
				CLANG_WARN_EMPTY_BODY = YES;
				CLANG_WARN_ENUM_CONVERSION = YES;
				CLANG_WARN_INFINITE_RECURSION = YES;
				CLANG_WARN_INT_CONVERSION = YES;
				CLANG_WARN_NON_LITERAL_NULL_CONVERSION = YES;
				CLANG_WARN_OBJC_IMPLICIT_RETAIN_SELF = YES;
				CLANG_WARN_OBJC_LITERAL_CONVERSION = YES;
				CLANG_WARN_OBJC_ROOT_CLASS = YES_ERROR;
				CLANG_WARN_QUOTED_INCLUDE_IN_FRAMEWORK_HEADER = YES;
				CLANG_WARN_RANGE_LOOP_ANALYSIS = YES;
				CLANG_WARN_STRICT_PROTOTYPES = YES;
				CLANG_WARN_SUSPICIOUS_MOVE = YES;
				CLANG_WARN_UNGUARDED_AVAILABILITY = YES_AGGRESSIVE;
				CLANG_WARN_UNREACHABLE_CODE = YES;
				CLANG_WARN__DUPLICATE_METHOD_MATCH = YES;
				COPY_PHASE_STRIP = NO;
				DEBUG_INFORMATION_FORMAT = dwarf;
				ENABLE_STRICT_OBJC_MSGSEND = YES;
				ENABLE_TESTABILITY = YES;
				GCC_C_LANGUAGE_STANDARD = gnu11;
				GCC_DYNAMIC_NO_PIC = NO;
				GCC_NO_COMMON_BLOCKS = YES;
				GCC_OPTIMIZATION_LEVEL = 0;
				GCC_PREPROCESSOR_DEFINITIONS = (
					"DEBUG=1",
					"$(inherited)",
				);
				GCC_WARN_64_TO_32_BIT_CONVERSION = YES;
				GCC_WARN_ABOUT_RETURN_TYPE = YES_ERROR;
				GCC_WARN_UNDECLARED_SELECTOR = YES;
				GCC_WARN_UNINITIALIZED_AUTOS = YES_AGGRESSIVE;
				GCC_WARN_UNUSED_FUNCTION = YES;
				GCC_WARN_UNUSED_VARIABLE = YES;
				IPHONEOS_DEPLOYMENT_TARGET = 14.1;
				MTL_ENABLE_DEBUG_INFO = INCLUDE_SOURCE;
				MTL_FAST_MATH = YES;
				ONLY_ACTIVE_ARCH = YES;
				SDKROOT = iphoneos;
				SWIFT_ACTIVE_COMPILATION_CONDITIONS = DEBUG;
				SWIFT_OPTIMIZATION_LEVEL = "-Onone";
			};
			name = Debug;
		};
		3E8DAC6625A45FA900ECF2FE /* Release */ = {
			isa = XCBuildConfiguration;
			buildSettings = {
				ALWAYS_SEARCH_USER_PATHS = NO;
				CLANG_ANALYZER_NONNULL = YES;
				CLANG_ANALYZER_NUMBER_OBJECT_CONVERSION = YES_AGGRESSIVE;
				CLANG_CXX_LANGUAGE_STANDARD = "gnu++14";
				CLANG_CXX_LIBRARY = "libc++";
				CLANG_ENABLE_MODULES = YES;
				CLANG_ENABLE_OBJC_ARC = YES;
				CLANG_ENABLE_OBJC_WEAK = YES;
				CLANG_WARN_BLOCK_CAPTURE_AUTORELEASING = YES;
				CLANG_WARN_BOOL_CONVERSION = YES;
				CLANG_WARN_COMMA = YES;
				CLANG_WARN_CONSTANT_CONVERSION = YES;
				CLANG_WARN_DEPRECATED_OBJC_IMPLEMENTATIONS = YES;
				CLANG_WARN_DIRECT_OBJC_ISA_USAGE = YES_ERROR;
				CLANG_WARN_DOCUMENTATION_COMMENTS = YES;
				CLANG_WARN_EMPTY_BODY = YES;
				CLANG_WARN_ENUM_CONVERSION = YES;
				CLANG_WARN_INFINITE_RECURSION = YES;
				CLANG_WARN_INT_CONVERSION = YES;
				CLANG_WARN_NON_LITERAL_NULL_CONVERSION = YES;
				CLANG_WARN_OBJC_IMPLICIT_RETAIN_SELF = YES;
				CLANG_WARN_OBJC_LITERAL_CONVERSION = YES;
				CLANG_WARN_OBJC_ROOT_CLASS = YES_ERROR;
				CLANG_WARN_QUOTED_INCLUDE_IN_FRAMEWORK_HEADER = YES;
				CLANG_WARN_RANGE_LOOP_ANALYSIS = YES;
				CLANG_WARN_STRICT_PROTOTYPES = YES;
				CLANG_WARN_SUSPICIOUS_MOVE = YES;
				CLANG_WARN_UNGUARDED_AVAILABILITY = YES_AGGRESSIVE;
				CLANG_WARN_UNREACHABLE_CODE = YES;
				CLANG_WARN__DUPLICATE_METHOD_MATCH = YES;
				COPY_PHASE_STRIP = NO;
				DEBUG_INFORMATION_FORMAT = "dwarf-with-dsym";
				ENABLE_NS_ASSERTIONS = NO;
				ENABLE_STRICT_OBJC_MSGSEND = YES;
				GCC_C_LANGUAGE_STANDARD = gnu11;
				GCC_NO_COMMON_BLOCKS = YES;
				GCC_WARN_64_TO_32_BIT_CONVERSION = YES;
				GCC_WARN_ABOUT_RETURN_TYPE = YES_ERROR;
				GCC_WARN_UNDECLARED_SELECTOR = YES;
				GCC_WARN_UNINITIALIZED_AUTOS = YES_AGGRESSIVE;
				GCC_WARN_UNUSED_FUNCTION = YES;
				GCC_WARN_UNUSED_VARIABLE = YES;
				IPHONEOS_DEPLOYMENT_TARGET = 14.1;
				MTL_ENABLE_DEBUG_INFO = NO;
				MTL_FAST_MATH = YES;
				SDKROOT = iphoneos;
				SWIFT_COMPILATION_MODE = wholemodule;
				SWIFT_OPTIMIZATION_LEVEL = "-O";
				VALIDATE_PRODUCT = YES;
			};
			name = Release;
		};
		3E8DAC6825A45FA900ECF2FE /* Debug */ = {
			isa = XCBuildConfiguration;
			baseConfigurationReference = F22A849C2A935582F8E46091 /* Pods-MusicApp.debug.xcconfig */;
			buildSettings = {
				ASSETCATALOG_COMPILER_APPICON_NAME = AppIcon;
				ASSETCATALOG_COMPILER_GLOBAL_ACCENT_COLOR_NAME = AccentColor;
				CODE_SIGN_STYLE = Automatic;
				DEVELOPMENT_TEAM = 69KGZLM7W9;
				INFOPLIST_FILE = "$(SRCROOT)/MusicApp/Support Files/Info.plist";
				LD_RUNPATH_SEARCH_PATHS = (
					"$(inherited)",
					"@executable_path/Frameworks",
				);
				PRODUCT_BUNDLE_IDENTIFIER = com.segeyIvanov.MusicApp;
				PRODUCT_NAME = "$(TARGET_NAME)";
				SWIFT_VERSION = 5.0;
				TARGETED_DEVICE_FAMILY = "1,2";
			};
			name = Debug;
		};
		3E8DAC6925A45FA900ECF2FE /* Release */ = {
			isa = XCBuildConfiguration;
			baseConfigurationReference = C568B3FE28D91DD6898FB9E9 /* Pods-MusicApp.release.xcconfig */;
			buildSettings = {
				ASSETCATALOG_COMPILER_APPICON_NAME = AppIcon;
				ASSETCATALOG_COMPILER_GLOBAL_ACCENT_COLOR_NAME = AccentColor;
				CODE_SIGN_STYLE = Automatic;
				DEVELOPMENT_TEAM = 69KGZLM7W9;
				INFOPLIST_FILE = "$(SRCROOT)/MusicApp/Support Files/Info.plist";
				LD_RUNPATH_SEARCH_PATHS = (
					"$(inherited)",
					"@executable_path/Frameworks",
				);
				PRODUCT_BUNDLE_IDENTIFIER = com.segeyIvanov.MusicApp;
				PRODUCT_NAME = "$(TARGET_NAME)";
				SWIFT_VERSION = 5.0;
				TARGETED_DEVICE_FAMILY = "1,2";
			};
			name = Release;
		};
/* End XCBuildConfiguration section */

/* Begin XCConfigurationList section */
		3E8DAC4E25A45FA700ECF2FE /* Build configuration list for PBXProject "MusicApp" */ = {
			isa = XCConfigurationList;
			buildConfigurations = (
				3E8DAC6525A45FA900ECF2FE /* Debug */,
				3E8DAC6625A45FA900ECF2FE /* Release */,
			);
			defaultConfigurationIsVisible = 0;
			defaultConfigurationName = Release;
		};
		3E8DAC6725A45FA900ECF2FE /* Build configuration list for PBXNativeTarget "MusicApp" */ = {
			isa = XCConfigurationList;
			buildConfigurations = (
				3E8DAC6825A45FA900ECF2FE /* Debug */,
				3E8DAC6925A45FA900ECF2FE /* Release */,
			);
			defaultConfigurationIsVisible = 0;
			defaultConfigurationName = Release;
		};
/* End XCConfigurationList section */
	};
	rootObject = 3E8DAC4B25A45FA700ECF2FE /* Project object */;
}
